# THIS IS AN AUTOGENERATED FILE. DO NOT EDIT THIS FILE DIRECTLY.
# yarn lockfile v1


lucide-react@^1.43.0:
  version "1.43.0"
  resolved "https://registry.yarnpkg.com/lucide-react/-/lucide-react-1.43.0.tgz#0c7537e22d2e70e2cdc3f85c76b17369277ce7df"
  integrity sha512-ubtnda1fVK5ky0PNEpOmB0wiwhpZUyJiol4K14KCm+QKvuCkfUu54Et/rIjyupJpwiJ5Hg+BLQE86/GEsS+IgQ==
